// !$*UTF8*$!
{
	archiveVersion = 1;
	classes = {
	};
	objectVersion = 50;
	objects = {

/* Begin PBXBuildFile section */
		13609D622426452500053202 /* AppDelegate.swift in Sources */ = {isa = PBXBuildFile; fileRef = 13609D612426452500053202 /* AppDelegate.swift */; };
		13609D642426452500053202 /* SceneDelegate.swift in Sources */ = {isa = PBXBuildFile; fileRef = 13609D632426452500053202 /* SceneDelegate.swift */; };
		13609D662426452500053202 /* ViewController.swift in Sources */ = {isa = PBXBuildFile; fileRef = 13609D652426452500053202 /* ViewController.swift */; };
		13609D692426452500053202 /* Main.storyboard in Resources */ = {isa = PBXBuildFile; fileRef = 13609D672426452500053202 /* Main.storyboard */; };
		13609D6B2426452B00053202 /* Assets.xcassets in Resources */ = {isa = PBXBuildFile; fileRef = 13609D6A2426452B00053202 /* Assets.xcassets */; };
		13609D6E2426452C00053202 /* LaunchScreen.storyboard in Resources */ = {isa = PBXBuildFile; fileRef = 13609D6C2426452C00053202 /* LaunchScreen.storyboard */; };
		13609D792426452C00053202 /* TableViewAPIProjectTests.swift in Sources */ = {isa = PBXBuildFile; fileRef = 13609D782426452C00053202 /* TableViewAPIProjectTests.swift */; };
		13609D842426452C00053202 /* TableViewAPIProjectUITests.swift in Sources */ = {isa = PBXBuildFile; fileRef = 13609D832426452C00053202 /* TableViewAPIProjectUITests.swift */; };
/* End PBXBuildFile section */

/* Begin PBXContainerItemProxy section */
		13609D752426452C00053202 /* PBXContainerItemProxy */ = {
			isa = PBXContainerItemProxy;
			containerPortal = 13609D562426452500053202 /* Project object */;
			proxyType = 1;
			remoteGlobalIDString = 13609D5D2426452500053202;
			remoteInfo = TableViewAPIProject;
		};
		13609D802426452C00053202 /* PBXContainerItemProxy */ = {
			isa = PBXContainerItemProxy;
			containerPortal = 13609D562426452500053202 /* Project object */;
			proxyType = 1;
			remoteGlobalIDString = 13609D5D2426452500053202;
			remoteInfo = TableViewAPIProject;
		};
/* End PBXContainerItemProxy section */

/* Begin PBXFileReference section */
		13609D5E2426452500053202 /* TableViewAPIProject.app */ = {isa = PBXFileReference; explicitFileType = wrapper.application; includeInIndex = 0; path = TableViewAPIProject.app; sourceTree = BUILT_PRODUCTS_DIR; };
		13609D612426452500053202 /* AppDelegate.swift */ = {isa = PBXFileReference; lastKnownFileType = sourcecode.swift; path = AppDelegate.swift; sourceTree = "<group>"; };
		13609D632426452500053202 /* SceneDelegate.swift */ = {isa = PBXFileReference; lastKnownFileType = sourcecode.swift; path = SceneDelegate.swift; sourceTree = "<group>"; };
		13609D652426452500053202 /* ViewController.swift */ = {isa = PBXFileReference; lastKnownFileType = sourcecode.swift; path = ViewController.swift; sourceTree = "<group>"; };
		13609D682426452500053202 /* Base */ = {isa = PBXFileReference; lastKnownFileType = file.storyboard; name = Base; path = Base.lproj/Main.storyboard; sourceTree = "<group>"; };
		13609D6A2426452B00053202 /* Assets.xcassets */ = {isa = PBXFileReference; lastKnownFileType = folder.assetcatalog; path = Assets.xcassets; sourceTree = "<group>"; };
		13609D6D2426452C00053202 /* Base */ = {isa = PBXFileReference; lastKnownFileType = file.storyboard; name = Base; path = Base.lproj/LaunchScreen.storyboard; sourceTree = "<group>"; };
		13609D6F2426452C00053202 /* Info.plist */ = {isa = PBXFileReference; lastKnownFileType = text.plist.xml; path = Info.plist; sourceTree = "<group>"; };
		13609D742426452C00053202 /* TableViewAPIProjectTests.xctest */ = {isa = PBXFileReference; explicitFileType = wrapper.cfbundle; includeInIndex = 0; path = TableViewAPIProjectTests.xctest; sourceTree = BUILT_PRODUCTS_DIR; };
		13609D782426452C00053202 /* TableViewAPIProjectTests.swift */ = {isa = PBXFileReference; lastKnownFileType = sourcecode.swift; path = TableViewAPIProjectTests.swift; sourceTree = "<group>"; };
		13609D7A2426452C00053202 /* Info.plist */ = {isa = PBXFileReference; lastKnownFileType = text.plist.xml; path = Info.plist; sourceTree = "<group>"; };
		13609D7F2426452C00053202 /* TableViewAPIProjectUITests.xctest */ = {isa = PBXFileReference; explicitFileType = wrapper.cfbundle; includeInIndex = 0; path = TableViewAPIProjectUITests.xctest; sourceTree = BUILT_PRODUCTS_DIR; };
		13609D832426452C00053202 /* TableViewAPIProjectUITests.swift */ = {isa = PBXFileReference; lastKnownFileType = sourcecode.swift; path = TableViewAPIProjectUITests.swift; sourceTree = "<group>"; };
		13609D852426452C00053202 /* Info.plist */ = {isa = PBXFileReference; lastKnownFileType = text.plist.xml; path = Info.plist; sourceTree = "<group>"; };
/* End PBXFileReference section */

/* Begin PBXFrameworksBuildPhase section */
		13609D5B2426452500053202 /* Frameworks */ = {
			isa = PBXFrameworksBuildPhase;
			buildActionMask = 2147483647;
			files = (
			);
			runOnlyForDeploymentPostprocessing = 0;
		};
		13609D712426452C00053202 /* Frameworks */ = {
			isa = PBXFrameworksBuildPhase;
			buildActionMask = 2147483647;
			files = (
			);
			runOnlyForDeploymentPostprocessing = 0;
		};
		13609D7C2426452C00053202 /* Frameworks */ = {
			isa = PBXFrameworksBuildPhase;
			buildActionMask = 2147483647;
			files = (
			);
			runOnlyForDeploymentPostprocessing = 0;
		};
/* End PBXFrameworksBuildPhase section */

/* Begin PBXGroup section */
		13609D552426452500053202 = {
			isa = PBXGroup;
			children = (
				13609D602426452500053202 /* TableViewAPIProject */,
				13609D772426452C00053202 /* TableViewAPIProjectTests */,
				13609D822426452C00053202 /* TableViewAPIProjectUITests */,
				13609D5F2426452500053202 /* Products */,
			);
			sourceTree = "<group>";
		};
		13609D5F2426452500053202 /* Products */ = {
			isa = PBXGroup;
			children = (
				13609D5E2426452500053202 /* TableViewAPIProject.app */,
				13609D742426452C00053202 /* TableViewAPIProjectTests.xctest */,
				13609D7F2426452C00053202 /* TableViewAPIProjectUITests.xctest */,
			);
			name = Products;
			sourceTree = "<group>";
		};
		13609D602426452500053202 /* TableViewAPIProject */ = {
			isa = PBXGroup;
			children = (
				13609D612426452500053202 /* AppDelegate.swift */,
				13609D632426452500053202 /* SceneDelegate.swift */,
				13609D652426452500053202 /* ViewController.swift */,
				13609D672426452500053202 /* Main.storyboard */,
				13609D6A2426452B00053202 /* Assets.xcassets */,
				13609D6C2426452C00053202 /* LaunchScreen.storyboard */,
				13609D6F2426452C00053202 /* Info.plist */,
			);
			path = TableViewAPIProject;
			sourceTree = "<group>";
		};
		13609D772426452C00053202 /* TableViewAPIProjectTests */ = {
			isa = PBXGroup;
			children = (
				13609D782426452C00053202 /* TableViewAPIProjectTests.swift */,
				13609D7A2426452C00053202 /* Info.plist */,
			);
			path = TableViewAPIProjectTests;
			sourceTree = "<group>";
		};
		13609D822426452C00053202 /* TableViewAPIProjectUITests */ = {
			isa = PBXGroup;
			children = (
				13609D832426452C00053202 /* TableViewAPIProjectUITests.swift */,
				13609D852426452C00053202 /* Info.plist */,
			);
			path = TableViewAPIProjectUITests;
			sourceTree = "<group>";
		};
/* End PBXGroup section */

/* Begin PBXNativeTarget section */
		13609D5D2426452500053202 /* TableViewAPIProject */ = {
			isa = PBXNativeTarget;
			buildConfigurationList = 13609D882426452C00053202 /* Build configuration list for PBXNativeTarget "TableViewAPIProject" */;
			buildPhases = (
				13609D5A2426452500053202 /* Sources */,
				13609D5B2426452500053202 /* Frameworks */,
				13609D5C2426452500053202 /* Resources */,
			);
			buildRules = (
			);
			dependencies = (
			);
			name = TableViewAPIProject;
			productName = TableViewAPIProject;
			productReference = 13609D5E2426452500053202 /* TableViewAPIProject.app */;
			productType = "com.apple.product-type.application";
		};
		13609D732426452C00053202 /* TableViewAPIProjectTests */ = {
			isa = PBXNativeTarget;
			buildConfigurationList = 13609D8B2426452C00053202 /* Build configuration list for PBXNativeTarget "TableViewAPIProjectTests" */;
			buildPhases = (
				13609D702426452C00053202 /* Sources */,
				13609D712426452C00053202 /* Frameworks */,
				13609D722426452C00053202 /* Resources */,
			);
			buildRules = (
			);
			dependencies = (
				13609D762426452C00053202 /* PBXTargetDependency */,
			);
			name = TableViewAPIProjectTests;
			productName = TableViewAPIProjectTests;
			productReference = 13609D742426452C00053202 /* TableViewAPIProjectTests.xctest */;
			productType = "com.apple.product-type.bundle.unit-test";
		};
		13609D7E2426452C00053202 /* TableViewAPIProjectUITests */ = {
			isa = PBXNativeTarget;
			buildConfigurationList = 13609D8E2426452C00053202 /* Build configuration list for PBXNativeTarget "TableViewAPIProjectUITests" */;
			buildPhases = (
				13609D7B2426452C00053202 /* Sources */,
				13609D7C2426452C00053202 /* Frameworks */,
				13609D7D2426452C00053202 /* Resources */,
			);
			buildRules = (
			);
			dependencies = (
				13609D812426452C00053202 /* PBXTargetDependency */,
			);
			name = TableViewAPIProjectUITests;
			productName = TableViewAPIProjectUITests;
			productReference = 13609D7F2426452C00053202 /* TableViewAPIProjectUITests.xctest */;
			productType = "com.apple.product-type.bundle.ui-testing";
		};
/* End PBXNativeTarget section */

/* Begin PBXProject section */
		13609D562426452500053202 /* Project object */ = {
			isa = PBXProject;
			attributes = {
				LastSwiftUpdateCheck = 1130;
				LastUpgradeCheck = 1130;
				ORGANIZATIONNAME = "Shankar Suman";
				TargetAttributes = {
					13609D5D2426452500053202 = {
						CreatedOnToolsVersion = 11.3.1;
					};
					13609D732426452C00053202 = {
						CreatedOnToolsVersion = 11.3.1;
						TestTargetID = 13609D5D2426452500053202;
					};
					13609D7E2426452C00053202 = {
						CreatedOnToolsVersion = 11.3.1;
						TestTargetID = 13609D5D2426452500053202;
					};
				};
			};
			buildConfigurationList = 13609D592426452500053202 /* Build configuration list for PBXProject "TableViewAPIProject" */;
			compatibilityVersion = "Xcode 9.3";
			developmentRegion = en;
			hasScannedForEncodings = 0;
			knownRegions = (
				en,
				Base,
			);
			mainGroup = 13609D552426452500053202;
			productRefGroup = 13609D5F2426452500053202 /* Products */;
			projectDirPath = "";
			projectRoot = "";
			targets = (
				13609D5D2426452500053202 /* TableViewAPIProject */,
				13609D732426452C00053202 /* TableViewAPIProjectTests */,
				13609D7E2426452C00053202 /* TableViewAPIProjectUITests */,
			);
		};
/* End PBXProject section */

/* Begin PBXResourcesBuildPhase section */
		13609D5C2426452500053202 /* Resources */ = {
			isa = PBXResourcesBuildPhase;
			buildActionMask = 2147483647;
			files = (
				13609D6E2426452C00053202 /* LaunchScreen.storyboard in Resources */,
				13609D6B2426452B00053202 /* Assets.xcassets in Resources */,
				13609D692426452500053202 /* Main.storyboard in Resources */,
			);
			runOnlyForDeploymentPostprocessing = 0;
		};
		13609D722426452C00053202 /* Resources */ = {
			isa = PBXResourcesBuildPhase;
			buildActionMask = 2147483647;
			files = (
			);
			runOnlyForDeploymentPostprocessing = 0;
		};
		13609D7D2426452C00053202 /* Resources */ = {
			isa = PBXResourcesBuildPhase;
			buildActionMask = 2147483647;
			files = (
			);
			runOnlyForDeploymentPostprocessing = 0;
		};
/* End PBXResourcesBuildPhase section */

/* Begin PBXSourcesBuildPhase section */
		13609D5A2426452500053202 /* Sources */ = {
			isa = PBXSourcesBuildPhase;
			buildActionMask = 2147483647;
			files = (
				13609D662426452500053202 /* ViewController.swift in Sources */,
				13609D622426452500053202 /* AppDelegate.swift in Sources */,
				13609D642426452500053202 /* SceneDelegate.swift in Sources */,
			);
			runOnlyForDeploymentPostprocessing = 0;
		};
		13609D702426452C00053202 /* Sources */ = {
			isa = PBXSourcesBuildPhase;
			buildActionMask = 2147483647;
			files = (
				13609D792426452C00053202 /* TableViewAPIProjectTests.swift in Sources */,
			);
			runOnlyForDeploymentPostprocessing = 0;
		};
		13609D7B2426452C00053202 /* Sources */ = {
			isa = PBXSourcesBuildPhase;
			buildActionMask = 2147483647;
			files = (
				13609D842426452C00053202 /* TableViewAPIProjectUITests.swift in Sources */,
			);
			runOnlyForDeploymentPostprocessing = 0;
		};
/* End PBXSourcesBuildPhase section */

/* Begin PBXTargetDependency section */
		13609D762426452C00053202 /* PBXTargetDependency */ = {
			isa = PBXTargetDependency;
			target = 13609D5D2426452500053202 /* TableViewAPIProject */;
			targetProxy = 13609D752426452C00053202 /* PBXContainerItemProxy */;
		};
		13609D812426452C00053202 /* PBXTargetDependency */ = {
			isa = PBXTargetDependency;
			target = 13609D5D2426452500053202 /* TableViewAPIProject */;
			targetProxy = 13609D802426452C00053202 /* PBXContainerItemProxy */;
		};
/* End PBXTargetDependency section */

/* Begin PBXVariantGroup section */
		13609D672426452500053202 /* Main.storyboard */ = {
			isa = PBXVariantGroup;
			children = (
				13609D682426452500053202 /* Base */,
			);
			name = Main.storyboard;
			sourceTree = "<group>";
		};
		13609D6C2426452C00053202 /* LaunchScreen.storyboard */ = {
			isa = PBXVariantGroup;
			children = (
				13609D6D2426452C00053202 /* Base */,
			);
			name = LaunchScreen.storyboard;
			sourceTree = "<group>";
		};
/* End PBXVariantGroup section */

/* Begin XCBuildConfiguration section */
		13609D862426452C00053202 /* Debug */ = {
			isa = XCBuildConfiguration;
			buildSettings = {
				ALWAYS_SEARCH_USER_PATHS = NO;
				CLANG_ANALYZER_NONNULL = YES;
				CLANG_ANALYZER_NUMBER_OBJECT_CONVERSION = YES_AGGRESSIVE;
				CLANG_CXX_LANGUAGE_STANDARD = "gnu++14";
				CLANG_CXX_LIBRARY = "libc++";
				CLANG_ENABLE_MODULES = YES;
				CLANG_ENABLE_OBJC_ARC = YES;
				CLANG_ENABLE_OBJC_WEAK = YES;
				CLANG_WARN_BLOCK_CAPTURE_AUTORELEASING = YES;
				CLANG_WARN_BOOL_CONVERSION = YES;
				CLANG_WARN_COMMA = YES;
				CLANG_WARN_CONSTANT_CONVERSION = YES;
				CLANG_WARN_DEPRECATED_OBJC_IMPLEMENTATIONS = YES;
				CLANG_WARN_DIRECT_OBJC_ISA_USAGE = YES_ERROR;
				CLANG_WARN_DOCUMENTATION_COMMENTS = YES;
				CLANG_WARN_EMPTY_BODY = YES;
				CLANG_WARN_ENUM_CONVERSION = YES;
				CLANG_WARN_INFINITE_RECURSION = YES;
				CLANG_WARN_INT_CONVERSION = YES;
				CLANG_WARN_NON_LITERAL_NULL_CONVERSION = YES;
				CLANG_WARN_OBJC_IMPLICIT_RETAIN_SELF = YES;
				CLANG_WARN_OBJC_LITERAL_CONVERSION = YES;
				CLANG_WARN_OBJC_ROOT_CLASS = YES_ERROR;
				CLANG_WARN_RANGE_LOOP_ANALYSIS = YES;
				CLANG_WARN_STRICT_PROTOTYPES = YES;
				CLANG_WARN_SUSPICIOUS_MOVE = YES;
				CLANG_WARN_UNGUARDED_AVAILABILITY = YES_AGGRESSIVE;
				CLANG_WARN_UNREACHABLE_CODE = YES;
				CLANG_WARN__DUPLICATE_METHOD_MATCH = YES;
				COPY_PHASE_STRIP = NO;
				DEBUG_INFORMATION_FORMAT = dwarf;
				ENABLE_STRICT_OBJC_MSGSEND = YES;
				ENABLE_TESTABILITY = YES;
				GCC_C_LANGUAGE_STANDARD = gnu11;
				GCC_DYNAMIC_NO_PIC = NO;
				GCC_NO_COMMON_BLOCKS = YES;
				GCC_OPTIMIZATION_LEVEL = 0;
				GCC_PREPROCESSOR_DEFINITIONS = (
					"DEBUG=1",
					"$(inherited)",
				);
				GCC_WARN_64_TO_32_BIT_CONVERSION = YES;
				GCC_WARN_ABOUT_RETURN_TYPE = YES_ERROR;
				GCC_WARN_UNDECLARED_SELECTOR = YES;
				GCC_WARN_UNINITIALIZED_AUTOS = YES_AGGRESSIVE;
				GCC_WARN_UNUSED_FUNCTION = YES;
				GCC_WARN_UNUSED_VARIABLE = YES;
				IPHONEOS_DEPLOYMENT_TARGET = 13.2;
				MTL_ENABLE_DEBUG_INFO = INCLUDE_SOURCE;
				MTL_FAST_MATH = YES;
				ONLY_ACTIVE_ARCH = YES;
				SDKROOT = iphoneos;
				SWIFT_ACTIVE_COMPILATION_CONDITIONS = DEBUG;
				SWIFT_OPTIMIZATION_LEVEL = "-Onone";
			};
			name = Debug;
		};
		13609D872426452C00053202 /* Release */ = {
			isa = XCBuildConfiguration;
			buildSettings = {
				ALWAYS_SEARCH_USER_PATHS = NO;
				CLANG_ANALYZER_NONNULL = YES;
				CLANG_ANALYZER_NUMBER_OBJECT_CONVERSION = YES_AGGRESSIVE;
				CLANG_CXX_LANGUAGE_STANDARD = "gnu++14";
				CLANG_CXX_LIBRARY = "libc++";
				CLANG_ENABLE_MODULES = YES;
				CLANG_ENABLE_OBJC_ARC = YES;
				CLANG_ENABLE_OBJC_WEAK = YES;
				CLANG_WARN_BLOCK_CAPTURE_AUTORELEASING = YES;
				CLANG_WARN_BOOL_CONVERSION = YES;
				CLANG_WARN_COMMA = YES;
				CLANG_WARN_CONSTANT_CONVERSION = YES;
				CLANG_WARN_DEPRECATED_OBJC_IMPLEMENTATIONS = YES;
				CLANG_WARN_DIRECT_OBJC_ISA_USAGE = YES_ERROR;
				CLANG_WARN_DOCUMENTATION_COMMENTS = YES;
				CLANG_WARN_EMPTY_BODY = YES;
				CLANG_WARN_ENUM_CONVERSION = YES;
				CLANG_WARN_INFINITE_RECURSION = YES;
				CLANG_WARN_INT_CONVERSION = YES;
				CLANG_WARN_NON_LITERAL_NULL_CONVERSION = YES;
				CLANG_WARN_OBJC_IMPLICIT_RETAIN_SELF = YES;
				CLANG_WARN_OBJC_LITERAL_CONVERSION = YES;
				CLANG_WARN_OBJC_ROOT_CLASS = YES_ERROR;
				CLANG_WARN_RANGE_LOOP_ANALYSIS = YES;
				CLANG_WARN_STRICT_PROTOTYPES = YES;
				CLANG_WARN_SUSPICIOUS_MOVE = YES;
				CLANG_WARN_UNGUARDED_AVAILABILITY = YES_AGGRESSIVE;
				CLANG_WARN_UNREACHABLE_CODE = YES;
				CLANG_WARN__DUPLICATE_METHOD_MATCH = YES;
				COPY_PHASE_STRIP = NO;
				DEBUG_INFORMATION_FORMAT = "dwarf-with-dsym";
				ENABLE_NS_ASSERTIONS = NO;
				ENABLE_STRICT_OBJC_MSGSEND = YES;
				GCC_C_LANGUAGE_STANDARD = gnu11;
				GCC_NO_COMMON_BLOCKS = YES;
				GCC_WARN_64_TO_32_BIT_CONVERSION = YES;
				GCC_WARN_ABOUT_RETURN_TYPE = YES_ERROR;
				GCC_WARN_UNDECLARED_SELECTOR = YES;
				GCC_WARN_UNINITIALIZED_AUTOS = YES_AGGRESSIVE;
				GCC_WARN_UNUSED_FUNCTION = YES;
				GCC_WARN_UNUSED_VARIABLE = YES;
				IPHONEOS_DEPLOYMENT_TARGET = 13.2;
				MTL_ENABLE_DEBUG_INFO = NO;
				MTL_FAST_MATH = YES;
				SDKROOT = iphoneos;
				SWIFT_COMPILATION_MODE = wholemodule;
				SWIFT_OPTIMIZATION_LEVEL = "-O";
				VALIDATE_PRODUCT = YES;
			};
			name = Release;
		};
		13609D892426452C00053202 /* Debug */ = {
			isa = XCBuildConfiguration;
			buildSettings = {
				ASSETCATALOG_COMPILER_APPICON_NAME = AppIcon;
				CODE_SIGN_STYLE = Automatic;
				INFOPLIST_FILE = TableViewAPIProject/Info.plist;
				LD_RUNPATH_SEARCH_PATHS = (
					"$(inherited)",
					"@executable_path/Frameworks",
				);
				PRODUCT_BUNDLE_IDENTIFIER = com.coviam.example.TableViewAPIProject;
				PRODUCT_NAME = "$(TARGET_NAME)";
				SWIFT_VERSION = 5.0;
				TARGETED_DEVICE_FAMILY = "1,2";
			};
			name = Debug;
		};
		13609D8A2426452C00053202 /* Release */ = {
			isa = XCBuildConfiguration;
			buildSettings = {
				ASSETCATALOG_COMPILER_APPICON_NAME = AppIcon;
				CODE_SIGN_STYLE = Automatic;
				INFOPLIST_FILE = TableViewAPIProject/Info.plist;
				LD_RUNPATH_SEARCH_PATHS = (
					"$(inherited)",
					"@executable_path/Frameworks",
				);
				PRODUCT_BUNDLE_IDENTIFIER = com.coviam.example.TableViewAPIProject;
				PRODUCT_NAME = "$(TARGET_NAME)";
				SWIFT_VERSION = 5.0;
				TARGETED_DEVICE_FAMILY = "1,2";
			};
			name = Release;
		};
		13609D8C2426452C00053202 /* Debug */ = {
			isa = XCBuildConfiguration;
			buildSettings = {
				ALWAYS_EMBED_SWIFT_STANDARD_LIBRARIES = YES;
				BUNDLE_LOADER = "$(TEST_HOST)";
				CODE_SIGN_STYLE = Automatic;
				INFOPLIST_FILE = TableViewAPIProjectTests/Info.plist;
				IPHONEOS_DEPLOYMENT_TARGET = 13.2;
				LD_RUNPATH_SEARCH_PATHS = (
					"$(inherited)",
					"@executable_path/Frameworks",
					"@loader_path/Frameworks",
				);
				PRODUCT_BUNDLE_IDENTIFIER = com.coviam.example.TableViewAPIProjectTests;
				PRODUCT_NAME = "$(TARGET_NAME)";
				SWIFT_VERSION = 5.0;
				TARGETED_DEVICE_FAMILY = "1,2";
				TEST_HOST = "$(BUILT_PRODUCTS_DIR)/TableViewAPIProject.app/TableViewAPIProject";
			};
			name = Debug;
		};
		13609D8D2426452C00053202 /* Release */ = {
			isa = XCBuildConfiguration;
			buildSettings = {
				ALWAYS_EMBED_SWIFT_STANDARD_LIBRARIES = YES;
				BUNDLE_LOADER = "$(TEST_HOST)";
				CODE_SIGN_STYLE = Automatic;
				INFOPLIST_FILE = TableViewAPIProjectTests/Info.plist;
				IPHONEOS_DEPLOYMENT_TARGET = 13.2;
				LD_RUNPATH_SEARCH_PATHS = (
					"$(inherited)",
					"@executable_path/Frameworks",
					"@loader_path/Frameworks",
				);
				PRODUCT_BUNDLE_IDENTIFIER = com.coviam.example.TableViewAPIProjectTests;
				PRODUCT_NAME = "$(TARGET_NAME)";
				SWIFT_VERSION = 5.0;
				TARGETED_DEVICE_FAMILY = "1,2";
				TEST_HOST = "$(BUILT_PRODUCTS_DIR)/TableViewAPIProject.app/TableViewAPIProject";
			};
			name = Release;
		};
		13609D8F2426452C00053202 /* Debug */ = {
			isa = XCBuildConfiguration;
			buildSettings = {
				ALWAYS_EMBED_SWIFT_STANDARD_LIBRARIES = YES;
				CODE_SIGN_STYLE = Automatic;
				INFOPLIST_FILE = TableViewAPIProjectUITests/Info.plist;
				LD_RUNPATH_SEARCH_PATHS = (
					"$(inherited)",
					"@executable_path/Frameworks",
					"@loader_path/Frameworks",
				);
				PRODUCT_BUNDLE_IDENTIFIER = com.coviam.example.TableViewAPIProjectUITests;
				PRODUCT_NAME = "$(TARGET_NAME)";
				SWIFT_VERSION = 5.0;
				TARGETED_DEVICE_FAMILY = "1,2";
				TEST_TARGET_NAME = TableViewAPIProject;
			};
			name = Debug;
		};
		13609D902426452C00053202 /* Release */ = {
			isa = XCBuildConfiguration;
			buildSettings = {
				ALWAYS_EMBED_SWIFT_STANDARD_LIBRARIES = YES;
				CODE_SIGN_STYLE = Automatic;
				INFOPLIST_FILE = TableViewAPIProjectUITests/Info.plist;
				LD_RUNPATH_SEARCH_PATHS = (
					"$(inherited)",
					"@executable_path/Frameworks",
					"@loader_path/Frameworks",
				);
				PRODUCT_BUNDLE_IDENTIFIER = com.coviam.example.TableViewAPIProjectUITests;
				PRODUCT_NAME = "$(TARGET_NAME)";
				SWIFT_VERSION = 5.0;
				TARGETED_DEVICE_FAMILY = "1,2";
				TEST_TARGET_NAME = TableViewAPIProject;
			};
			name = Release;
		};
/* End XCBuildConfiguration section */

/* Begin XCConfigurationList section */
		13609D592426452500053202 /* Build configuration list for PBXProject "TableViewAPIProject" */ = {
			isa = XCConfigurationList;
			buildConfigurations = (
				13609D862426452C00053202 /* Debug */,
				13609D872426452C00053202 /* Release */,
			);
			defaultConfigurationIsVisible = 0;
			defaultConfigurationName = Release;
		};
		13609D882426452C00053202 /* Build configuration list for PBXNativeTarget "TableViewAPIProject" */ = {
			isa = XCConfigurationList;
			buildConfigurations = (
				13609D892426452C00053202 /* Debug */,
				13609D8A2426452C00053202 /* Release */,
			);
			defaultConfigurationIsVisible = 0;
			defaultConfigurationName = Release;
		};
		13609D8B2426452C00053202 /* Build configuration list for PBXNativeTarget "TableViewAPIProjectTests" */ = {
			isa = XCConfigurationList;
			buildConfigurations = (
				13609D8C2426452C00053202 /* Debug */,
				13609D8D2426452C00053202 /* Release */,
			);
			defaultConfigurationIsVisible = 0;
			defaultConfigurationName = Release;
		};
		13609D8E2426452C00053202 /* Build configuration list for PBXNativeTarget "TableViewAPIProjectUITests" */ = {
			isa = XCConfigurationList;
			buildConfigurations = (
				13609D8F2426452C00053202 /* Debug */,
				13609D902426452C00053202 /* Release */,
			);
			defaultConfigurationIsVisible = 0;
			defaultConfigurationName = Release;
		};
/* End XCConfigurationList section */
	};
	rootObject = 13609D562426452500053202 /* Project object */;
}
